
Microsoft Visual Studio Solution File, Format Version 12.00
# Visual Studio Version 16
VisualStudioVersion = 25.0.1706.9
MinimumVisualStudioVersion = 10.0.40219.1
Project("{FAE04EC0-301F-11D3-BF4B-00C04F79EFBC}") = "WeekEight", "WeekEight\WeekEight.csproj", "{DDAA1B52-1338-42DA-A9C8-EBFDC0CD04A2}"
EndProject
Global
	GlobalSection(SolutionConfigurationPlatforms) = preSolution
		Debug|Any CPU = Debug|Any CPU
		Release|Any CPU = Release|Any CPU
	EndGlobalSection
	GlobalSection(ProjectConfigurationPlatforms) = postSolution
		{DDAA1B52-1338-42DA-A9C8-EBFDC0CD04A2}.Debug|Any CPU.ActiveCfg = Debug|Any CPU
		{DDAA1B52-1338-42DA-A9C8-EBFDC0CD04A2}.Debug|Any CPU.Build.0 = Debug|Any CPU
		{DDAA1B52-1338-42DA-A9C8-EBFDC0CD04A2}.Release|Any CPU.ActiveCfg = Release|Any CPU
		{DDAA1B52-1338-42DA-A9C8-EBFDC0CD04A2}.Release|Any CPU.Build.0 = Release|Any CPU
	EndGlobalSection
	GlobalSection(SolutionProperties) = preSolution
		HideSolutionNode = FALSE
	EndGlobalSection
	GlobalSection(ExtensibilityGlobals) = postSolution
		SolutionGuid = {519C3796-2609-4C8E-A377-3579E542E3FD}
	EndGlobalSection
EndGlobal
