
Microsoft Visual Studio Solution File, Format Version 12.00
# Visual Studio Version 17
VisualStudioVersion = 17.8.34511.84
MinimumVisualStudioVersion = 10.0.40219.1
Project("{9A19103F-16F7-4668-BE54-9A1E7A4F7556}") = "1.4", "Uge8Opgaver\1.4.csproj", "{74C36729-04D9-4624-9E13-6164AB1C63D9}"
EndProject
Project("{9A19103F-16F7-4668-BE54-9A1E7A4F7556}") = "1.5", "1.5\1.5.csproj", "{EE16FD1D-6503-46AE-94DB-F8FEB95404C3}"
EndProject
Project("{9A19103F-16F7-4668-BE54-9A1E7A4F7556}") = "1.6", "1.6\1.6.csproj", "{2C0E4957-CBC4-4D9F-8C3C-FB7D3BF4204A}"
EndProject
Project("{9A19103F-16F7-4668-BE54-9A1E7A4F7556}") = "1.7", "1.7\1.7.csproj", "{944E43F9-913E-4274-8239-78DFF41D7517}"
EndProject
Project("{9A19103F-16F7-4668-BE54-9A1E7A4F7556}") = "1.10", "1.10\1.10.csproj", "{CCDFD471-E1E7-480A-8BA5-4AC44F1ADF74}"
EndProject
Project("{9A19103F-16F7-4668-BE54-9A1E7A4F7556}") = "1.11", "1.11\1.11.csproj", "{944480A9-EFD7-4BBA-AC5F-1E3B65B47B39}"
EndProject
Project("{9A19103F-16F7-4668-BE54-9A1E7A4F7556}") = "1.12", "1.12\1.12.csproj", "{33FBE58A-F306-479B-BE65-DDE240DD2CC9}"
EndProject
Project("{FAE04EC0-301F-11D3-BF4B-00C04F79EFBC}") = "Test til fylde kode", "Test til fylde kode\Test til fylde kode.csproj", "{94CC939C-9C4F-413E-9AF3-EE4C3F66C159}"
EndProject
Global
	GlobalSection(SolutionConfigurationPlatforms) = preSolution
		Debug|Any CPU = Debug|Any CPU
		Release|Any CPU = Release|Any CPU
	EndGlobalSection
	GlobalSection(ProjectConfigurationPlatforms) = postSolution
		{74C36729-04D9-4624-9E13-6164AB1C63D9}.Debug|Any CPU.ActiveCfg = Debug|Any CPU
		{74C36729-04D9-4624-9E13-6164AB1C63D9}.Debug|Any CPU.Build.0 = Debug|Any CPU
		{74C36729-04D9-4624-9E13-6164AB1C63D9}.Release|Any CPU.ActiveCfg = Release|Any CPU
		{74C36729-04D9-4624-9E13-6164AB1C63D9}.Release|Any CPU.Build.0 = Release|Any CPU
		{EE16FD1D-6503-46AE-94DB-F8FEB95404C3}.Debug|Any CPU.ActiveCfg = Debug|Any CPU
		{EE16FD1D-6503-46AE-94DB-F8FEB95404C3}.Debug|Any CPU.Build.0 = Debug|Any CPU
		{EE16FD1D-6503-46AE-94DB-F8FEB95404C3}.Release|Any CPU.ActiveCfg = Release|Any CPU
		{EE16FD1D-6503-46AE-94DB-F8FEB95404C3}.Release|Any CPU.Build.0 = Release|Any CPU
		{2C0E4957-CBC4-4D9F-8C3C-FB7D3BF4204A}.Debug|Any CPU.ActiveCfg = Debug|Any CPU
		{2C0E4957-CBC4-4D9F-8C3C-FB7D3BF4204A}.Debug|Any CPU.Build.0 = Debug|Any CPU
		{2C0E4957-CBC4-4D9F-8C3C-FB7D3BF4204A}.Release|Any CPU.ActiveCfg = Release|Any CPU
		{2C0E4957-CBC4-4D9F-8C3C-FB7D3BF4204A}.Release|Any CPU.Build.0 = Release|Any CPU
		{944E43F9-913E-4274-8239-78DFF41D7517}.Debug|Any CPU.ActiveCfg = Debug|Any CPU
		{944E43F9-913E-4274-8239-78DFF41D7517}.Debug|Any CPU.Build.0 = Debug|Any CPU
		{944E43F9-913E-4274-8239-78DFF41D7517}.Release|Any CPU.ActiveCfg = Release|Any CPU
		{944E43F9-913E-4274-8239-78DFF41D7517}.Release|Any CPU.Build.0 = Release|Any CPU
		{CCDFD471-E1E7-480A-8BA5-4AC44F1ADF74}.Debug|Any CPU.ActiveCfg = Debug|Any CPU
		{CCDFD471-E1E7-480A-8BA5-4AC44F1ADF74}.Debug|Any CPU.Build.0 = Debug|Any CPU
		{CCDFD471-E1E7-480A-8BA5-4AC44F1ADF74}.Release|Any CPU.ActiveCfg = Release|Any CPU
		{CCDFD471-E1E7-480A-8BA5-4AC44F1ADF74}.Release|Any CPU.Build.0 = Release|Any CPU
		{944480A9-EFD7-4BBA-AC5F-1E3B65B47B39}.Debug|Any CPU.ActiveCfg = Debug|Any CPU
		{944480A9-EFD7-4BBA-AC5F-1E3B65B47B39}.Debug|Any CPU.Build.0 = Debug|Any CPU
		{944480A9-EFD7-4BBA-AC5F-1E3B65B47B39}.Release|Any CPU.ActiveCfg = Release|Any CPU
		{944480A9-EFD7-4BBA-AC5F-1E3B65B47B39}.Release|Any CPU.Build.0 = Release|Any CPU
		{33FBE58A-F306-479B-BE65-DDE240DD2CC9}.Debug|Any CPU.ActiveCfg = Debug|Any CPU
		{33FBE58A-F306-479B-BE65-DDE240DD2CC9}.Debug|Any CPU.Build.0 = Debug|Any CPU
		{33FBE58A-F306-479B-BE65-DDE240DD2CC9}.Release|Any CPU.ActiveCfg = Release|Any CPU
		{33FBE58A-F306-479B-BE65-DDE240DD2CC9}.Release|Any CPU.Build.0 = Release|Any CPU
		{94CC939C-9C4F-413E-9AF3-EE4C3F66C159}.Debug|Any CPU.ActiveCfg = Debug|Any CPU
		{94CC939C-9C4F-413E-9AF3-EE4C3F66C159}.Debug|Any CPU.Build.0 = Debug|Any CPU
		{94CC939C-9C4F-413E-9AF3-EE4C3F66C159}.Release|Any CPU.ActiveCfg = Release|Any CPU
		{94CC939C-9C4F-413E-9AF3-EE4C3F66C159}.Release|Any CPU.Build.0 = Release|Any CPU
	EndGlobalSection
	GlobalSection(SolutionProperties) = preSolution
		HideSolutionNode = FALSE
	EndGlobalSection
	GlobalSection(ExtensibilityGlobals) = postSolution
		SolutionGuid = {236CB0E0-B6A6-4841-975B-02F6D9290804}
	EndGlobalSection
EndGlobal
