
Microsoft Visual Studio Solution File, Format Version 12.00
# Visual Studio Version 17
VisualStudioVersion = 17.10.35122.118
MinimumVisualStudioVersion = 10.0.40219.1
Project("{FAE04EC0-301F-11D3-BF4B-00C04F79EFBC}") = "StringExtensions", "StringExtensions.csproj", "{E82E3B0E-67AC-4636-86EA-23D19648026D}"
EndProject
Project("{FAE04EC0-301F-11D3-BF4B-00C04F79EFBC}") = "TestProject1", "..\TestProject1\TestProject1.csproj", "{AE492E4C-A295-477B-9559-8132D69EAA5E}"
EndProject
Global
	GlobalSection(SolutionConfigurationPlatforms) = preSolution
		Debug|Any CPU = Debug|Any CPU
		Release|Any CPU = Release|Any CPU
	EndGlobalSection
	GlobalSection(ProjectConfigurationPlatforms) = postSolution
		{E82E3B0E-67AC-4636-86EA-23D19648026D}.Debug|Any CPU.ActiveCfg = Debug|Any CPU
		{E82E3B0E-67AC-4636-86EA-23D19648026D}.Debug|Any CPU.Build.0 = Debug|Any CPU
		{E82E3B0E-67AC-4636-86EA-23D19648026D}.Release|Any CPU.ActiveCfg = Release|Any CPU
		{E82E3B0E-67AC-4636-86EA-23D19648026D}.Release|Any CPU.Build.0 = Release|Any CPU
		{AE492E4C-A295-477B-9559-8132D69EAA5E}.Debug|Any CPU.ActiveCfg = Debug|Any CPU
		{AE492E4C-A295-477B-9559-8132D69EAA5E}.Debug|Any CPU.Build.0 = Debug|Any CPU
		{AE492E4C-A295-477B-9559-8132D69EAA5E}.Release|Any CPU.ActiveCfg = Release|Any CPU
		{AE492E4C-A295-477B-9559-8132D69EAA5E}.Release|Any CPU.Build.0 = Release|Any CPU
	EndGlobalSection
	GlobalSection(SolutionProperties) = preSolution
		HideSolutionNode = FALSE
	EndGlobalSection
	GlobalSection(ExtensibilityGlobals) = postSolution
		SolutionGuid = {21498B6D-4D9F-45D7-8F01-E5FDC128EC91}
	EndGlobalSection
EndGlobal
