
Microsoft Visual Studio Solution File, Format Version 12.00
# Visual Studio Version 17
VisualStudioVersion = 17.8.34525.116
MinimumVisualStudioVersion = 10.0.40219.1
Project("{FAE04EC0-301F-11D3-BF4B-00C04F79EFBC}") = "opgave 7", "opgave 7\opgave 7.csproj", "{0815099E-C370-4636-8C9C-D82AAC6CD1B0}"
EndProject
Global
	GlobalSection(SolutionConfigurationPlatforms) = preSolution
		Debug|Any CPU = Debug|Any CPU
		Release|Any CPU = Release|Any CPU
	EndGlobalSection
	GlobalSection(ProjectConfigurationPlatforms) = postSolution
		{0815099E-C370-4636-8C9C-D82AAC6CD1B0}.Debug|Any CPU.ActiveCfg = Debug|Any CPU
		{0815099E-C370-4636-8C9C-D82AAC6CD1B0}.Debug|Any CPU.Build.0 = Debug|Any CPU
		{0815099E-C370-4636-8C9C-D82AAC6CD1B0}.Release|Any CPU.ActiveCfg = Release|Any CPU
		{0815099E-C370-4636-8C9C-D82AAC6CD1B0}.Release|Any CPU.Build.0 = Release|Any CPU
	EndGlobalSection
	GlobalSection(SolutionProperties) = preSolution
		HideSolutionNode = FALSE
	EndGlobalSection
	GlobalSection(ExtensibilityGlobals) = postSolution
		SolutionGuid = {1AC395D7-BF60-4F70-98A3-44E7655C62E6}
	EndGlobalSection
EndGlobal
