
Microsoft Visual Studio Solution File, Format Version 12.00
# Visual Studio Version 17
VisualStudioVersion = 17.8.34525.116
MinimumVisualStudioVersion = 10.0.40219.1
Project("{FAE04EC0-301F-11D3-BF4B-00C04F79EFBC}") = "Yatzy", "Yatzy\Yatzy.csproj", "{D169A451-16A5-45CD-8755-147E6A0FBB29}"
EndProject
Global
	GlobalSection(SolutionConfigurationPlatforms) = preSolution
		Debug|Any CPU = Debug|Any CPU
		Release|Any CPU = Release|Any CPU
	EndGlobalSection
	GlobalSection(ProjectConfigurationPlatforms) = postSolution
		{D169A451-16A5-45CD-8755-147E6A0FBB29}.Debug|Any CPU.ActiveCfg = Debug|Any CPU
		{D169A451-16A5-45CD-8755-147E6A0FBB29}.Debug|Any CPU.Build.0 = Debug|Any CPU
		{D169A451-16A5-45CD-8755-147E6A0FBB29}.Release|Any CPU.ActiveCfg = Release|Any CPU
		{D169A451-16A5-45CD-8755-147E6A0FBB29}.Release|Any CPU.Build.0 = Release|Any CPU
	EndGlobalSection
	GlobalSection(SolutionProperties) = preSolution
		HideSolutionNode = FALSE
	EndGlobalSection
	GlobalSection(ExtensibilityGlobals) = postSolution
		SolutionGuid = {575AA764-2960-4F0D-BF0B-5299D41DDD46}
	EndGlobalSection
EndGlobal
