
Microsoft Visual Studio Solution File, Format Version 12.00
# Visual Studio Version 17
VisualStudioVersion = 17.8.34511.84
MinimumVisualStudioVersion = 10.0.40219.1
Project("{FAE04EC0-301F-11D3-BF4B-00C04F79EFBC}") = "OrangeTreeSim", "OrangeTreeSim.csproj", "{D6760100-B1CB-400F-B7F6-34AC222FFC84}"
EndProject
Project("{FAE04EC0-301F-11D3-BF4B-00C04F79EFBC}") = "OrangeTreeTest", "..\OrangeTreeTest\OrangeTreeTest.csproj", "{6C5DA6B0-1627-4CB6-8C0A-1B59BA9211F9}"
EndProject
Global
	GlobalSection(SolutionConfigurationPlatforms) = preSolution
		Debug|Any CPU = Debug|Any CPU
		Release|Any CPU = Release|Any CPU
	EndGlobalSection
	GlobalSection(ProjectConfigurationPlatforms) = postSolution
		{D6760100-B1CB-400F-B7F6-34AC222FFC84}.Debug|Any CPU.ActiveCfg = Debug|Any CPU
		{D6760100-B1CB-400F-B7F6-34AC222FFC84}.Debug|Any CPU.Build.0 = Debug|Any CPU
		{D6760100-B1CB-400F-B7F6-34AC222FFC84}.Release|Any CPU.ActiveCfg = Release|Any CPU
		{D6760100-B1CB-400F-B7F6-34AC222FFC84}.Release|Any CPU.Build.0 = Release|Any CPU
		{6C5DA6B0-1627-4CB6-8C0A-1B59BA9211F9}.Debug|Any CPU.ActiveCfg = Debug|Any CPU
		{6C5DA6B0-1627-4CB6-8C0A-1B59BA9211F9}.Debug|Any CPU.Build.0 = Debug|Any CPU
		{6C5DA6B0-1627-4CB6-8C0A-1B59BA9211F9}.Release|Any CPU.ActiveCfg = Release|Any CPU
		{6C5DA6B0-1627-4CB6-8C0A-1B59BA9211F9}.Release|Any CPU.Build.0 = Release|Any CPU
	EndGlobalSection
	GlobalSection(SolutionProperties) = preSolution
		HideSolutionNode = FALSE
	EndGlobalSection
	GlobalSection(ExtensibilityGlobals) = postSolution
		SolutionGuid = {3E17C01A-730D-45DA-B8C8-D16DCB267176}
	EndGlobalSection
EndGlobal
