
Microsoft Visual Studio Solution File, Format Version 12.00
# Visual Studio Version 17
VisualStudioVersion = 17.9.34728.123
MinimumVisualStudioVersion = 10.0.40219.1
Project("{FAE04EC0-301F-11D3-BF4B-00C04F79EFBC}") = "Recursion", "Recursion\Recursion.csproj", "{F7597267-F975-4A22-9354-333EB2FAB875}"
EndProject
Global
	GlobalSection(SolutionConfigurationPlatforms) = preSolution
		Debug|Any CPU = Debug|Any CPU
		Release|Any CPU = Release|Any CPU
	EndGlobalSection
	GlobalSection(ProjectConfigurationPlatforms) = postSolution
		{F7597267-F975-4A22-9354-333EB2FAB875}.Debug|Any CPU.ActiveCfg = Debug|Any CPU
		{F7597267-F975-4A22-9354-333EB2FAB875}.Debug|Any CPU.Build.0 = Debug|Any CPU
		{F7597267-F975-4A22-9354-333EB2FAB875}.Release|Any CPU.ActiveCfg = Release|Any CPU
		{F7597267-F975-4A22-9354-333EB2FAB875}.Release|Any CPU.Build.0 = Release|Any CPU
	EndGlobalSection
	GlobalSection(SolutionProperties) = preSolution
		HideSolutionNode = FALSE
	EndGlobalSection
	GlobalSection(ExtensibilityGlobals) = postSolution
		SolutionGuid = {C8A89810-AAD8-44DA-AB26-A63F5841D67E}
	EndGlobalSection
EndGlobal
