
Microsoft Visual Studio Solution File, Format Version 12.00
# Visual Studio Version 17
VisualStudioVersion = 17.11.35219.272
MinimumVisualStudioVersion = 10.0.40219.1
Project("{FAE04EC0-301F-11D3-BF4B-00C04F79EFBC}") = "Publico_Kommunikation.Tests", "Publico_Kommunikation.Tests\Publico_Kommunikation.Tests.csproj", "{A7FCFFF1-049D-434E-8178-368AC1A84DBF}"
EndProject
Project("{FAE04EC0-301F-11D3-BF4B-00C04F79EFBC}") = "Publico_Kommunikation", "Publico_Kommunikation\Publico_Kommunikation.csproj", "{77488E12-0FFE-4CEF-B832-F7D35961C4F0}"
EndProject
Global
	GlobalSection(SolutionConfigurationPlatforms) = preSolution
		Debug|Any CPU = Debug|Any CPU
		Release|Any CPU = Release|Any CPU
	EndGlobalSection
	GlobalSection(ProjectConfigurationPlatforms) = postSolution
		{A7FCFFF1-049D-434E-8178-368AC1A84DBF}.Debug|Any CPU.ActiveCfg = Debug|Any CPU
		{A7FCFFF1-049D-434E-8178-368AC1A84DBF}.Debug|Any CPU.Build.0 = Debug|Any CPU
		{A7FCFFF1-049D-434E-8178-368AC1A84DBF}.Release|Any CPU.ActiveCfg = Release|Any CPU
		{A7FCFFF1-049D-434E-8178-368AC1A84DBF}.Release|Any CPU.Build.0 = Release|Any CPU
		{77488E12-0FFE-4CEF-B832-F7D35961C4F0}.Debug|Any CPU.ActiveCfg = Debug|Any CPU
		{77488E12-0FFE-4CEF-B832-F7D35961C4F0}.Debug|Any CPU.Build.0 = Debug|Any CPU
		{77488E12-0FFE-4CEF-B832-F7D35961C4F0}.Release|Any CPU.ActiveCfg = Release|Any CPU
		{77488E12-0FFE-4CEF-B832-F7D35961C4F0}.Release|Any CPU.Build.0 = Release|Any CPU
	EndGlobalSection
	GlobalSection(SolutionProperties) = preSolution
		HideSolutionNode = FALSE
	EndGlobalSection
	GlobalSection(ExtensibilityGlobals) = postSolution
		SolutionGuid = {29051939-8AF9-4464-9832-2B956D0D63F7}
	EndGlobalSection
EndGlobal
