
Microsoft Visual Studio Solution File, Format Version 12.00
# Visual Studio Version 17
VisualStudioVersion = 17.7.34003.232
MinimumVisualStudioVersion = 10.0.40219.1
Project("{FAE04EC0-301F-11D3-BF4B-00C04F79EFBC}") = "Persistens", "Persistens.csproj", "{08B2E0B0-7046-42E4-ACCF-27E9C84294FB}"
EndProject
Project("{FAE04EC0-301F-11D3-BF4B-00C04F79EFBC}") = "PersistensTest", "..\PersistensTest\PersistensTest.csproj", "{A962E630-3A8C-449F-864C-C31F5A5059FB}"
EndProject
Global
	GlobalSection(SolutionConfigurationPlatforms) = preSolution
		Debug|Any CPU = Debug|Any CPU
		Release|Any CPU = Release|Any CPU
	EndGlobalSection
	GlobalSection(ProjectConfigurationPlatforms) = postSolution
		{08B2E0B0-7046-42E4-ACCF-27E9C84294FB}.Debug|Any CPU.ActiveCfg = Debug|Any CPU
		{08B2E0B0-7046-42E4-ACCF-27E9C84294FB}.Debug|Any CPU.Build.0 = Debug|Any CPU
		{08B2E0B0-7046-42E4-ACCF-27E9C84294FB}.Release|Any CPU.ActiveCfg = Release|Any CPU
		{08B2E0B0-7046-42E4-ACCF-27E9C84294FB}.Release|Any CPU.Build.0 = Release|Any CPU
		{A962E630-3A8C-449F-864C-C31F5A5059FB}.Debug|Any CPU.ActiveCfg = Debug|Any CPU
		{A962E630-3A8C-449F-864C-C31F5A5059FB}.Debug|Any CPU.Build.0 = Debug|Any CPU
		{A962E630-3A8C-449F-864C-C31F5A5059FB}.Release|Any CPU.ActiveCfg = Release|Any CPU
		{A962E630-3A8C-449F-864C-C31F5A5059FB}.Release|Any CPU.Build.0 = Release|Any CPU
	EndGlobalSection
	GlobalSection(SolutionProperties) = preSolution
		HideSolutionNode = FALSE
	EndGlobalSection
	GlobalSection(ExtensibilityGlobals) = postSolution
		SolutionGuid = {1136C4EB-E6AC-44BE-B54C-3428306156E2}
	EndGlobalSection
EndGlobal
