
Microsoft Visual Studio Solution File, Format Version 12.00
# Visual Studio Version 17
VisualStudioVersion = 17.8.34511.84
MinimumVisualStudioVersion = 10.0.40219.1
Project("{FAE04EC0-301F-11D3-BF4B-00C04F79EFBC}") = "1.7", "1.7.csproj", "{607F1386-CA35-4F84-9F70-4706AAA4480E}"
EndProject
Global
	GlobalSection(SolutionConfigurationPlatforms) = preSolution
		Debug|Any CPU = Debug|Any CPU
		Release|Any CPU = Release|Any CPU
	EndGlobalSection
	GlobalSection(ProjectConfigurationPlatforms) = postSolution
		{607F1386-CA35-4F84-9F70-4706AAA4480E}.Debug|Any CPU.ActiveCfg = Debug|Any CPU
		{607F1386-CA35-4F84-9F70-4706AAA4480E}.Debug|Any CPU.Build.0 = Debug|Any CPU
		{607F1386-CA35-4F84-9F70-4706AAA4480E}.Release|Any CPU.ActiveCfg = Release|Any CPU
		{607F1386-CA35-4F84-9F70-4706AAA4480E}.Release|Any CPU.Build.0 = Release|Any CPU
	EndGlobalSection
	GlobalSection(SolutionProperties) = preSolution
		HideSolutionNode = FALSE
	EndGlobalSection
	GlobalSection(ExtensibilityGlobals) = postSolution
		SolutionGuid = {905B1710-5EA1-44B9-BB84-6F82AA1D2B7B}
	EndGlobalSection
EndGlobal
