
Microsoft Visual Studio Solution File, Format Version 12.00
# Visual Studio Version 17
VisualStudioVersion = 17.8.34525.116
MinimumVisualStudioVersion = 10.0.40219.1
Project("{FAE04EC0-301F-11D3-BF4B-00C04F79EFBC}") = "Persistens", "Persistens\Persistens.csproj", "{F61FA929-2C9F-4E8B-9F19-C9B414A6C969}"
EndProject
Project("{FAE04EC0-301F-11D3-BF4B-00C04F79EFBC}") = "PersistensTest", "PersistensTest\PersistensTest.csproj", "{DF556EBB-171A-46E8-9EFD-3B72E5C723F3}"
EndProject
Global
	GlobalSection(SolutionConfigurationPlatforms) = preSolution
		Debug|Any CPU = Debug|Any CPU
		Release|Any CPU = Release|Any CPU
	EndGlobalSection
	GlobalSection(ProjectConfigurationPlatforms) = postSolution
		{F61FA929-2C9F-4E8B-9F19-C9B414A6C969}.Debug|Any CPU.ActiveCfg = Debug|Any CPU
		{F61FA929-2C9F-4E8B-9F19-C9B414A6C969}.Debug|Any CPU.Build.0 = Debug|Any CPU
		{F61FA929-2C9F-4E8B-9F19-C9B414A6C969}.Release|Any CPU.ActiveCfg = Release|Any CPU
		{F61FA929-2C9F-4E8B-9F19-C9B414A6C969}.Release|Any CPU.Build.0 = Release|Any CPU
		{DF556EBB-171A-46E8-9EFD-3B72E5C723F3}.Debug|Any CPU.ActiveCfg = Debug|Any CPU
		{DF556EBB-171A-46E8-9EFD-3B72E5C723F3}.Debug|Any CPU.Build.0 = Debug|Any CPU
		{DF556EBB-171A-46E8-9EFD-3B72E5C723F3}.Release|Any CPU.ActiveCfg = Release|Any CPU
		{DF556EBB-171A-46E8-9EFD-3B72E5C723F3}.Release|Any CPU.Build.0 = Release|Any CPU
	EndGlobalSection
	GlobalSection(SolutionProperties) = preSolution
		HideSolutionNode = FALSE
	EndGlobalSection
	GlobalSection(ExtensibilityGlobals) = postSolution
		SolutionGuid = {5800C6E2-44AF-4958-ACFC-84583C6D7307}
	EndGlobalSection
EndGlobal
