
Microsoft Visual Studio Solution File, Format Version 12.00
# Visual Studio Version 17
VisualStudioVersion = 17.8.34511.84
MinimumVisualStudioVersion = 10.0.40219.1
Project("{FAE04EC0-301F-11D3-BF4B-00C04F79EFBC}") = "YatzyScoreboard", "YatzyScoreboard\YatzyScoreboard.csproj", "{B0C444B2-9679-4E8E-B14A-C3D4CCEC0068}"
EndProject
Global
	GlobalSection(SolutionConfigurationPlatforms) = preSolution
		Debug|Any CPU = Debug|Any CPU
		Release|Any CPU = Release|Any CPU
	EndGlobalSection
	GlobalSection(ProjectConfigurationPlatforms) = postSolution
		{B0C444B2-9679-4E8E-B14A-C3D4CCEC0068}.Debug|Any CPU.ActiveCfg = Debug|Any CPU
		{B0C444B2-9679-4E8E-B14A-C3D4CCEC0068}.Debug|Any CPU.Build.0 = Debug|Any CPU
		{B0C444B2-9679-4E8E-B14A-C3D4CCEC0068}.Release|Any CPU.ActiveCfg = Release|Any CPU
		{B0C444B2-9679-4E8E-B14A-C3D4CCEC0068}.Release|Any CPU.Build.0 = Release|Any CPU
	EndGlobalSection
	GlobalSection(SolutionProperties) = preSolution
		HideSolutionNode = FALSE
	EndGlobalSection
	GlobalSection(ExtensibilityGlobals) = postSolution
		SolutionGuid = {F2519B68-BBCA-4F03-89A0-444A3CE0EC83}
	EndGlobalSection
EndGlobal
