
Microsoft Visual Studio Solution File, Format Version 12.00
# Visual Studio Version 17
VisualStudioVersion = 17.10.35122.118
MinimumVisualStudioVersion = 10.0.40219.1
Project("{FAE04EC0-301F-11D3-BF4B-00C04F79EFBC}") = "Process01", "Process01.csproj", "{B398A14A-F2AA-4E57-9C8B-6878DA4F196F}"
EndProject
Global
	GlobalSection(SolutionConfigurationPlatforms) = preSolution
		Debug|Any CPU = Debug|Any CPU
		Release|Any CPU = Release|Any CPU
	EndGlobalSection
	GlobalSection(ProjectConfigurationPlatforms) = postSolution
		{B398A14A-F2AA-4E57-9C8B-6878DA4F196F}.Debug|Any CPU.ActiveCfg = Debug|Any CPU
		{B398A14A-F2AA-4E57-9C8B-6878DA4F196F}.Debug|Any CPU.Build.0 = Debug|Any CPU
		{B398A14A-F2AA-4E57-9C8B-6878DA4F196F}.Release|Any CPU.ActiveCfg = Release|Any CPU
		{B398A14A-F2AA-4E57-9C8B-6878DA4F196F}.Release|Any CPU.Build.0 = Release|Any CPU
	EndGlobalSection
	GlobalSection(SolutionProperties) = preSolution
		HideSolutionNode = FALSE
	EndGlobalSection
	GlobalSection(ExtensibilityGlobals) = postSolution
		SolutionGuid = {828E0BA2-0972-4DEC-8D60-8691F5730A58}
	EndGlobalSection
EndGlobal
